{
  "name": "testes",
  "lockfileVersion": 3,
  "requires": true,
  "packages": {
    "": {
      "dependencies": {
        "sudo": "^1.0.3"
      }
    },
    "node_modules/inpath": {
      "version": "1.0.2",
      "resolved": "https://registry.npmjs.org/inpath/-/inpath-1.0.2.tgz",
      "integrity": "sha512-DTt55ovuYFC62a8oJxRjV2MmTPUdxN43Gd8I2ZgawxbAha6PvJkDQy/RbZGFCJF5IXrpp4PAYtW1w3aV7jXkew==",
      "engines": {
        "node": "*"
      }
    },
    "node_modules/mute-stream": {
      "version": "0.0.8",
      "resolved": "https://registry.npmjs.org/mute-stream/-/mute-stream-0.0.8.tgz",
      "integrity": "sha512-nnbWWOkoWyUsTjKrhgD0dcz22mdkSnpYqbEjIm2nhwhuxlSkpywJmBo8h0ZqJdkp73mb90SssHkN4rsRaBAfAA=="
    },
    "node_modules/pidof": {
      "version": "1.0.2",
      "resolved": "https://registry.npmjs.org/pidof/-/pidof-1.0.2.tgz",
      "integrity": "sha512-LLJhTVEUCZnotdAM5rd7KiTdLGgk6i763/hsd5pO+8yuF7mdgg0ob8w/98KrTAcPsj6YzGrkFLPVtBOr1uW2ag==",
      "engines": {
        "node": "*"
      }
    },
    "node_modules/read": {
      "version": "1.0.7",
      "resolved": "https://registry.npmjs.org/read/-/read-1.0.7.tgz",
      "integrity": "sha512-rSOKNYUmaxy0om1BNjMN4ezNT6VKK+2xF4GBhc81mkH7L60i6dp8qPYrkndNLT3QPphoII3maL9PVC9XmhHwVQ==",
      "dependencies": {
        "mute-stream": "~0.0.4"
      },
      "engines": {
        "node": ">=0.8"
      }
    },
    "node_modules/sudo": {
      "version": "1.0.3",
      "resolved": "https://registry.npmjs.org/sudo/-/sudo-1.0.3.tgz",
      "integrity": "sha512-3xMsaPg+8Xm+4LQm0b2V+G3lz3YxtDBzlqiU8CXw2AOIIDSvC1kBxIxBjnoCTq8dTTXAy23m58g6mdClUocpmQ==",
      "dependencies": {
        "inpath": "~1.0.2",
        "pidof": "~1.0.2",
        "read": "~1.0.3"
      },
      "engines": {
        "node": ">=0.8"
      }
    }
  }
}
